// !$*UTF8*$!
{
	archiveVersion = 1;
	classes = {
	};
	objectVersion = 46;
	objects = {

/* Begin PBXBuildFile section */
		1654BF411E5ED675002F1D00 /* UIColor+colorValues.m in Sources */ = {isa = PBXBuildFile; fileRef = 1654BF401E5ED675002F1D00 /* UIColor+colorValues.m */; };
		1654BF441E5ED790002F1D00 /* ViewController.m in Sources */ = {isa = PBXBuildFile; fileRef = 1654BF431E5ED790002F1D00 /* ViewController.m */; };
		1654BF471E5ED7E9002F1D00 /* searchBar.m in Sources */ = {isa = PBXBuildFile; fileRef = 1654BF461E5ED7E9002F1D00 /* searchBar.m */; };
		1654BF4A1E5ED85E002F1D00 /* headerTitleBtn.m in Sources */ = {isa = PBXBuildFile; fileRef = 1654BF491E5ED85E002F1D00 /* headerTitleBtn.m */; };
		1654BF4D1E5ED892002F1D00 /* YYflowLay.m in Sources */ = {isa = PBXBuildFile; fileRef = 1654BF4C1E5ED892002F1D00 /* YYflowLay.m */; };
		1654BF501E5ED8D3002F1D00 /* YYCollectionViewCell.m in Sources */ = {isa = PBXBuildFile; fileRef = 1654BF4F1E5ED8D3002F1D00 /* YYCollectionViewCell.m */; };
		1654BF531E5EDFE8002F1D00 /* YYMedicinalDetailVC.m in Sources */ = {isa = PBXBuildFile; fileRef = 1654BF521E5EDFE8002F1D00 /* YYMedicinalDetailVC.m */; };
		1654BF561E5EDFFB002F1D00 /* YYConfirmVC.m in Sources */ = {isa = PBXBuildFile; fileRef = 1654BF551E5EDFFB002F1D00 /* YYConfirmVC.m */; };
		1654BF591E5EE16B002F1D00 /* YYAllMedicinalViewController.m in Sources */ = {isa = PBXBuildFile; fileRef = 1654BF581E5EE16B002F1D00 /* YYAllMedicinalViewController.m */; };
		1654BF621E5EE18F002F1D00 /* YYAllMedicinalCollectionViewCell.m in Sources */ = {isa = PBXBuildFile; fileRef = 1654BF5B1E5EE18F002F1D00 /* YYAllMedicinalCollectionViewCell.m */; };
		1654BF631E5EE18F002F1D00 /* YYAllMedicinalFlowLayout.m in Sources */ = {isa = PBXBuildFile; fileRef = 1654BF5D1E5EE18F002F1D00 /* YYAllMedicinalFlowLayout.m */; };
		1654BF641E5EE18F002F1D00 /* YYAllMedicinalTitleBtn.m in Sources */ = {isa = PBXBuildFile; fileRef = 1654BF5F1E5EE18F002F1D00 /* YYAllMedicinalTitleBtn.m */; };
		1654BF651E5EE18F002F1D00 /* YYClassificationFlowLayout.m in Sources */ = {isa = PBXBuildFile; fileRef = 1654BF611E5EE18F002F1D00 /* YYClassificationFlowLayout.m */; };
		1654BF681E5EE25A002F1D00 /* YYBaseViewController.m in Sources */ = {isa = PBXBuildFile; fileRef = 1654BF671E5EE25A002F1D00 /* YYBaseViewController.m */; };
		16E75CFE1E5FBE4000A71AA5 /* YYPersonalTableViewCell.m in Sources */ = {isa = PBXBuildFile; fileRef = 16E75CFD1E5FBE4000A71AA5 /* YYPersonalTableViewCell.m */; };
		16E75D011E5FFDE700A71AA5 /* YYPayOptionView.m in Sources */ = {isa = PBXBuildFile; fileRef = 16E75D001E5FFDE700A71AA5 /* YYPayOptionView.m */; };
		16E75D041E60117800A71AA5 /* YYPaySuccessView.m in Sources */ = {isa = PBXBuildFile; fileRef = 16E75D031E60117800A71AA5 /* YYPaySuccessView.m */; };
		3E1840D01E569CAB00069568 /* YYNavigationController.m in Sources */ = {isa = PBXBuildFile; fileRef = 3E1840CD1E569CAB00069568 /* YYNavigationController.m */; };
		3E1840D41E569D6200069568 /* YYHomePageViewController.m in Sources */ = {isa = PBXBuildFile; fileRef = 3E1840D31E569D6200069568 /* YYHomePageViewController.m */; };
		3E1840D81E56AC4E00069568 /* UIColor+Extension.m in Sources */ = {isa = PBXBuildFile; fileRef = 3E1840D71E56AC4E00069568 /* UIColor+Extension.m */; };
		3E1840E71E56C78300069568 /* YYTabBarController.m in Sources */ = {isa = PBXBuildFile; fileRef = 3E1840E21E56C78300069568 /* YYTabBarController.m */; };
		3E1840E81E56C78300069568 /* YYTabBar.m in Sources */ = {isa = PBXBuildFile; fileRef = 3E1840E41E56C78300069568 /* YYTabBar.m */; };
		3E1840E91E56C78300069568 /* YYTabBarItem.m in Sources */ = {isa = PBXBuildFile; fileRef = 3E1840E61E56C78300069568 /* YYTabBarItem.m */; };
		3E1840F81E56C8BF00069568 /* YYPersonalViewController.m in Sources */ = {isa = PBXBuildFile; fileRef = 3E1840F71E56C8BF00069568 /* YYPersonalViewController.m */; };
		3E1840FB1E56C8CF00069568 /* YYMeasureViewController.m in Sources */ = {isa = PBXBuildFile; fileRef = 3E1840FA1E56C8CF00069568 /* YYMeasureViewController.m */; };
		3E1840FF1E56D01100069568 /* YYConsultViewController.m in Sources */ = {isa = PBXBuildFile; fileRef = 3E1840FE1E56D01100069568 /* YYConsultViewController.m */; };
		3E1841441E56E6D000069568 /* YYHomeHeadView.m in Sources */ = {isa = PBXBuildFile; fileRef = 3E1841431E56E6D000069568 /* YYHomeHeadView.m */; };
		3E1841491E5A7BED00069568 /* carinalau1.jpg in Resources */ = {isa = PBXBuildFile; fileRef = 3E1841451E5A7BED00069568 /* carinalau1.jpg */; };
		3E18414A1E5A7BED00069568 /* carinalau2.jpg in Resources */ = {isa = PBXBuildFile; fileRef = 3E1841461E5A7BED00069568 /* carinalau2.jpg */; };
		3E18414B1E5A7BED00069568 /* carinalau3.jpg in Resources */ = {isa = PBXBuildFile; fileRef = 3E1841471E5A7BED00069568 /* carinalau3.jpg */; };
		3E18414C1E5A7BED00069568 /* carinalau4.jpg in Resources */ = {isa = PBXBuildFile; fileRef = 3E1841481E5A7BED00069568 /* carinalau4.jpg */; };
		3E18414E1E5A937E00069568 /* LIM_.png in Resources */ = {isa = PBXBuildFile; fileRef = 3E18414D1E5A937E00069568 /* LIM_.png */; };
		3E1841511E5AA9FF00069568 /* YYTrendView.m in Sources */ = {isa = PBXBuildFile; fileRef = 3E1841501E5AA9FF00069568 /* YYTrendView.m */; };
		3E1841551E5ACEFB00069568 /* YYHomeNewTableViewCell.m in Sources */ = {isa = PBXBuildFile; fileRef = 3E1841541E5ACEFB00069568 /* YYHomeNewTableViewCell.m */; };
		3E1841571E5AD0A900069568 /* cell1.png in Resources */ = {isa = PBXBuildFile; fileRef = 3E1841561E5AD0A900069568 /* cell1.png */; };
		3E1841591E5AD13200069568 /* cell2.png in Resources */ = {isa = PBXBuildFile; fileRef = 3E1841581E5AD13200069568 /* cell2.png */; };
		3E18415C1E5ADB0100069568 /* YYHomeMedicineTableViewCell.m in Sources */ = {isa = PBXBuildFile; fileRef = 3E18415B1E5ADB0100069568 /* YYHomeMedicineTableViewCell.m */; };
		3E18415E1E5ADD8F00069568 /* medicine.png in Resources */ = {isa = PBXBuildFile; fileRef = 3E18415D1E5ADD8F00069568 /* medicine.png */; };
		3E1E47281E5AF2130042934D /* search_icon.png in Resources */ = {isa = PBXBuildFile; fileRef = 3E1E47271E5AF2130042934D /* search_icon.png */; };
		3E1E472E1E5BD6FE0042934D /* ZYPageControl.m in Sources */ = {isa = PBXBuildFile; fileRef = 3E1E472D1E5BD6FE0042934D /* ZYPageControl.m */; };
		3E1E47351E5BDC3F0042934D /* ZYAbstractDotView.m in Sources */ = {isa = PBXBuildFile; fileRef = 3E1E47301E5BDC3F0042934D /* ZYAbstractDotView.m */; };
		3E1E47361E5BDC3F0042934D /* ZYAnimatedDotView.m in Sources */ = {isa = PBXBuildFile; fileRef = 3E1E47321E5BDC3F0042934D /* ZYAnimatedDotView.m */; };
		3E1E47371E5BDC3F0042934D /* ZYDotView.m in Sources */ = {isa = PBXBuildFile; fileRef = 3E1E47341E5BDC3F0042934D /* ZYDotView.m */; };
		3E1E473E1E5BE1CE0042934D /* InfomationViewController.m in Sources */ = {isa = PBXBuildFile; fileRef = 3E1E473D1E5BE1CE0042934D /* InfomationViewController.m */; };
		3E1E47431E5BF5350042934D /* YYAppointmentViewController.m in Sources */ = {isa = PBXBuildFile; fileRef = 3E1E47421E5BF5350042934D /* YYAppointmentViewController.m */; };
		3E1E47461E5C11250042934D /* YYSectionViewController.m in Sources */ = {isa = PBXBuildFile; fileRef = 3E1E47451E5C11250042934D /* YYSectionViewController.m */; };
		3E1E47491E5C26B90042934D /* YYSectorViewController.m in Sources */ = {isa = PBXBuildFile; fileRef = 3E1E47481E5C26B90042934D /* YYSectorViewController.m */; };
		3E1E474C1E5C291A0042934D /* SectorCalendar.m in Sources */ = {isa = PBXBuildFile; fileRef = 3E1E474B1E5C291A0042934D /* SectorCalendar.m */; };
		3EAB2B781E2F065800D6795F /* main.m in Sources */ = {isa = PBXBuildFile; fileRef = 3EAB2B771E2F065800D6795F /* main.m */; };
		3EAB2B7B1E2F065800D6795F /* AppDelegate.m in Sources */ = {isa = PBXBuildFile; fileRef = 3EAB2B7A1E2F065800D6795F /* AppDelegate.m */; };
		3EAB2B811E2F065800D6795F /* Main.storyboard in Resources */ = {isa = PBXBuildFile; fileRef = 3EAB2B7F1E2F065800D6795F /* Main.storyboard */; };
		3EAB2B831E2F065800D6795F /* Assets.xcassets in Resources */ = {isa = PBXBuildFile; fileRef = 3EAB2B821E2F065800D6795F /* Assets.xcassets */; };
		3EAB2B861E2F065800D6795F /* LaunchScreen.storyboard in Resources */ = {isa = PBXBuildFile; fileRef = 3EAB2B841E2F065800D6795F /* LaunchScreen.storyboard */; };
		3EAB2B911E2F065900D6795F /* YuYi_ClientTests.m in Sources */ = {isa = PBXBuildFile; fileRef = 3EAB2B901E2F065900D6795F /* YuYi_ClientTests.m */; };
		3EAB2B9C1E2F065900D6795F /* YuYi_ClientUITests.m in Sources */ = {isa = PBXBuildFile; fileRef = 3EAB2B9B1E2F065900D6795F /* YuYi_ClientUITests.m */; };
		3EBA2D681E5E7B6F005C3448 /* YYHandleMeasureViewController.m in Sources */ = {isa = PBXBuildFile; fileRef = 3EBA2D671E5E7B6F005C3448 /* YYHandleMeasureViewController.m */; };
		3EBA2D6B1E5E80C8005C3448 /* UIBarButtonItem+Helper.m in Sources */ = {isa = PBXBuildFile; fileRef = 3EBA2D6A1E5E80C8005C3448 /* UIBarButtonItem+Helper.m */; };
		3EBA2D6E1E5E8647005C3448 /* YYCardInputView.m in Sources */ = {isa = PBXBuildFile; fileRef = 3EBA2D6D1E5E8647005C3448 /* YYCardInputView.m */; };
		3EBA2D711E5E9ECC005C3448 /* YYHospitalInfoViewController.m in Sources */ = {isa = PBXBuildFile; fileRef = 3EBA2D701E5E9ECC005C3448 /* YYHospitalInfoViewController.m */; };
		3EBA2D741E5EB7C3005C3448 /* YYConsultTableViewCell.m in Sources */ = {isa = PBXBuildFile; fileRef = 3EBA2D731E5EB7C3005C3448 /* YYConsultTableViewCell.m */; };
		3ECBB45E1E5C600F00BD5BE5 /* YYSectorTableViewCell.m in Sources */ = {isa = PBXBuildFile; fileRef = 3ECBB45D1E5C600F00BD5BE5 /* YYSectorTableViewCell.m */; };
		3ECBB4641E5D57BF00BD5BE5 /* YYMeasureTableViewCell.m in Sources */ = {isa = PBXBuildFile; fileRef = 3ECBB4631E5D57BF00BD5BE5 /* YYMeasureTableViewCell.m */; };
		3ECBB4691E5D739F00BD5BE5 /* FMActionSheet.m in Sources */ = {isa = PBXBuildFile; fileRef = 3ECBB4681E5D739F00BD5BE5 /* FMActionSheet.m */; };
		3ECBB46C1E5D77AE00BD5BE5 /* YYAutoMeasureViewController.m in Sources */ = {isa = PBXBuildFile; fileRef = 3ECBB46B1E5D77AE00BD5BE5 /* YYAutoMeasureViewController.m */; };
		3ECBB46F1E5D7CD600BD5BE5 /* YYCardView.m in Sources */ = {isa = PBXBuildFile; fileRef = 3ECBB46E1E5D7CD600BD5BE5 /* YYCardView.m */; };
		3ECBB4721E5D90CE00BD5BE5 /* YYConnectViewController.m in Sources */ = {isa = PBXBuildFile; fileRef = 3ECBB4711E5D90CE00BD5BE5 /* YYConnectViewController.m */; };
		3EDBD9CE1E5DB22E008F6D65 /* YYMemberTableViewCell.m in Sources */ = {isa = PBXBuildFile; fileRef = 3EDBD9CD1E5DB22E008F6D65 /* YYMemberTableViewCell.m */; };
		3EF565601E5693C50045918B /* HttpClient.m in Sources */ = {isa = PBXBuildFile; fileRef = 3EF5655F1E5693C50045918B /* HttpClient.m */; };
		6E3E014AA343E778117EB31D /* libPods-YuYi_Client.a in Frameworks */ = {isa = PBXBuildFile; fileRef = 987C0FA07F4A18B3B3BED3C7 /* libPods-YuYi_Client.a */; };
/* End PBXBuildFile section */

/* Begin PBXContainerItemProxy section */
		3EAB2B8D1E2F065900D6795F /* PBXContainerItemProxy */ = {
			isa = PBXContainerItemProxy;
			containerPortal = 3EAB2B6B1E2F065800D6795F /* Project object */;
			proxyType = 1;
			remoteGlobalIDString = 3EAB2B721E2F065800D6795F;
			remoteInfo = YuYi_Client;
		};
		3EAB2B981E2F065900D6795F /* PBXContainerItemProxy */ = {
			isa = PBXContainerItemProxy;
			containerPortal = 3EAB2B6B1E2F065800D6795F /* Project object */;
			proxyType = 1;
			remoteGlobalIDString = 3EAB2B721E2F065800D6795F;
			remoteInfo = YuYi_Client;
		};
/* End PBXContainerItemProxy section */

/* Begin PBXFileReference section */
		1654BF3F1E5ED675002F1D00 /* UIColor+colorValues.h */ = {isa = PBXFileReference; fileEncoding = 4; lastKnownFileType = sourcecode.c.h; path = "UIColor+colorValues.h"; sourceTree = "<group>"; };
		1654BF401E5ED675002F1D00 /* UIColor+colorValues.m */ = {isa = PBXFileReference; fileEncoding = 4; lastKnownFileType = sourcecode.c.objc; path = "UIColor+colorValues.m"; sourceTree = "<group>"; };
		1654BF421E5ED790002F1D00 /* ViewController.h */ = {isa = PBXFileReference; fileEncoding = 4; lastKnownFileType = sourcecode.c.h; path = ViewController.h; sourceTree = "<group>"; };
		1654BF431E5ED790002F1D00 /* ViewController.m */ = {isa = PBXFileReference; fileEncoding = 4; lastKnownFileType = sourcecode.c.objc; path = ViewController.m; sourceTree = "<group>"; };
		1654BF451E5ED7E9002F1D00 /* searchBar.h */ = {isa = PBXFileReference; fileEncoding = 4; lastKnownFileType = sourcecode.c.h; path = searchBar.h; sourceTree = "<group>"; };
		1654BF461E5ED7E9002F1D00 /* searchBar.m */ = {isa = PBXFileReference; fileEncoding = 4; lastKnownFileType = sourcecode.c.objc; path = searchBar.m; sourceTree = "<group>"; };
		1654BF481E5ED85E002F1D00 /* headerTitleBtn.h */ = {isa = PBXFileReference; fileEncoding = 4; lastKnownFileType = sourcecode.c.h; path = headerTitleBtn.h; sourceTree = "<group>"; };
		1654BF491E5ED85E002F1D00 /* headerTitleBtn.m */ = {isa = PBXFileReference; fileEncoding = 4; lastKnownFileType = sourcecode.c.objc; path = headerTitleBtn.m; sourceTree = "<group>"; };
		1654BF4B1E5ED892002F1D00 /* YYflowLay.h */ = {isa = PBXFileReference; fileEncoding = 4; lastKnownFileType = sourcecode.c.h; path = YYflowLay.h; sourceTree = "<group>"; };
		1654BF4C1E5ED892002F1D00 /* YYflowLay.m */ = {isa = PBXFileReference; fileEncoding = 4; lastKnownFileType = sourcecode.c.objc; path = YYflowLay.m; sourceTree = "<group>"; };
		1654BF4E1E5ED8D3002F1D00 /* YYCollectionViewCell.h */ = {isa = PBXFileReference; fileEncoding = 4; lastKnownFileType = sourcecode.c.h; path = YYCollectionViewCell.h; sourceTree = "<group>"; };
		1654BF4F1E5ED8D3002F1D00 /* YYCollectionViewCell.m */ = {isa = PBXFileReference; fileEncoding = 4; lastKnownFileType = sourcecode.c.objc; path = YYCollectionViewCell.m; sourceTree = "<group>"; };
		1654BF511E5EDFE8002F1D00 /* YYMedicinalDetailVC.h */ = {isa = PBXFileReference; fileEncoding = 4; lastKnownFileType = sourcecode.c.h; path = YYMedicinalDetailVC.h; sourceTree = "<group>"; };
		1654BF521E5EDFE8002F1D00 /* YYMedicinalDetailVC.m */ = {isa = PBXFileReference; fileEncoding = 4; lastKnownFileType = sourcecode.c.objc; path = YYMedicinalDetailVC.m; sourceTree = "<group>"; };
		1654BF541E5EDFFB002F1D00 /* YYConfirmVC.h */ = {isa = PBXFileReference; fileEncoding = 4; lastKnownFileType = sourcecode.c.h; path = YYConfirmVC.h; sourceTree = "<group>"; };
		1654BF551E5EDFFB002F1D00 /* YYConfirmVC.m */ = {isa = PBXFileReference; fileEncoding = 4; lastKnownFileType = sourcecode.c.objc; path = YYConfirmVC.m; sourceTree = "<group>"; };
		1654BF571E5EE16B002F1D00 /* YYAllMedicinalViewController.h */ = {isa = PBXFileReference; fileEncoding = 4; lastKnownFileType = sourcecode.c.h; path = YYAllMedicinalViewController.h; sourceTree = "<group>"; };
		1654BF581E5EE16B002F1D00 /* YYAllMedicinalViewController.m */ = {isa = PBXFileReference; fileEncoding = 4; lastKnownFileType = sourcecode.c.objc; path = YYAllMedicinalViewController.m; sourceTree = "<group>"; };
		1654BF5A1E5EE18F002F1D00 /* YYAllMedicinalCollectionViewCell.h */ = {isa = PBXFileReference; fileEncoding = 4; lastKnownFileType = sourcecode.c.h; path = YYAllMedicinalCollectionViewCell.h; sourceTree = "<group>"; };
		1654BF5B1E5EE18F002F1D00 /* YYAllMedicinalCollectionViewCell.m */ = {isa = PBXFileReference; fileEncoding = 4; lastKnownFileType = sourcecode.c.objc; path = YYAllMedicinalCollectionViewCell.m; sourceTree = "<group>"; };
		1654BF5C1E5EE18F002F1D00 /* YYAllMedicinalFlowLayout.h */ = {isa = PBXFileReference; fileEncoding = 4; lastKnownFileType = sourcecode.c.h; path = YYAllMedicinalFlowLayout.h; sourceTree = "<group>"; };
		1654BF5D1E5EE18F002F1D00 /* YYAllMedicinalFlowLayout.m */ = {isa = PBXFileReference; fileEncoding = 4; lastKnownFileType = sourcecode.c.objc; path = YYAllMedicinalFlowLayout.m; sourceTree = "<group>"; };
		1654BF5E1E5EE18F002F1D00 /* YYAllMedicinalTitleBtn.h */ = {isa = PBXFileReference; fileEncoding = 4; lastKnownFileType = sourcecode.c.h; path = YYAllMedicinalTitleBtn.h; sourceTree = "<group>"; };
		1654BF5F1E5EE18F002F1D00 /* YYAllMedicinalTitleBtn.m */ = {isa = PBXFileReference; fileEncoding = 4; lastKnownFileType = sourcecode.c.objc; path = YYAllMedicinalTitleBtn.m; sourceTree = "<group>"; };
		1654BF601E5EE18F002F1D00 /* YYClassificationFlowLayout.h */ = {isa = PBXFileReference; fileEncoding = 4; lastKnownFileType = sourcecode.c.h; path = YYClassificationFlowLayout.h; sourceTree = "<group>"; };
		1654BF611E5EE18F002F1D00 /* YYClassificationFlowLayout.m */ = {isa = PBXFileReference; fileEncoding = 4; lastKnownFileType = sourcecode.c.objc; path = YYClassificationFlowLayout.m; sourceTree = "<group>"; };
		1654BF661E5EE25A002F1D00 /* YYBaseViewController.h */ = {isa = PBXFileReference; fileEncoding = 4; lastKnownFileType = sourcecode.c.h; path = YYBaseViewController.h; sourceTree = "<group>"; };
		1654BF671E5EE25A002F1D00 /* YYBaseViewController.m */ = {isa = PBXFileReference; fileEncoding = 4; lastKnownFileType = sourcecode.c.objc; path = YYBaseViewController.m; sourceTree = "<group>"; };
		16E75CFD1E5FBE4000A71AA5 /* YYPersonalTableViewCell.m */ = {isa = PBXFileReference; lastKnownFileType = sourcecode.c.objc; name = YYPersonalTableViewCell.m; path = YuYi_Client/YYPersonalTableViewCell.m; sourceTree = "<group>"; };
		16E75CFF1E5FFDE700A71AA5 /* YYPayOptionView.h */ = {isa = PBXFileReference; fileEncoding = 4; lastKnownFileType = sourcecode.c.h; path = YYPayOptionView.h; sourceTree = "<group>"; };
		16E75D001E5FFDE700A71AA5 /* YYPayOptionView.m */ = {isa = PBXFileReference; fileEncoding = 4; lastKnownFileType = sourcecode.c.objc; path = YYPayOptionView.m; sourceTree = "<group>"; };
		16E75D021E60117800A71AA5 /* YYPaySuccessView.h */ = {isa = PBXFileReference; fileEncoding = 4; lastKnownFileType = sourcecode.c.h; path = YYPaySuccessView.h; sourceTree = "<group>"; };
		16E75D031E60117800A71AA5 /* YYPaySuccessView.m */ = {isa = PBXFileReference; fileEncoding = 4; lastKnownFileType = sourcecode.c.objc; path = YYPaySuccessView.m; sourceTree = "<group>"; };
		3E1840CC1E569CAB00069568 /* YYNavigationController.h */ = {isa = PBXFileReference; fileEncoding = 4; lastKnownFileType = sourcecode.c.h; path = YYNavigationController.h; sourceTree = "<group>"; };
		3E1840CD1E569CAB00069568 /* YYNavigationController.m */ = {isa = PBXFileReference; fileEncoding = 4; lastKnownFileType = sourcecode.c.objc; path = YYNavigationController.m; sourceTree = "<group>"; };
		3E1840D21E569D6200069568 /* YYHomePageViewController.h */ = {isa = PBXFileReference; fileEncoding = 4; lastKnownFileType = sourcecode.c.h; path = YYHomePageViewController.h; sourceTree = "<group>"; };
		3E1840D31E569D6200069568 /* YYHomePageViewController.m */ = {isa = PBXFileReference; fileEncoding = 4; lastKnownFileType = sourcecode.c.objc; path = YYHomePageViewController.m; sourceTree = "<group>"; };
		3E1840D61E56AC4E00069568 /* UIColor+Extension.h */ = {isa = PBXFileReference; fileEncoding = 4; lastKnownFileType = sourcecode.c.h; name = "UIColor+Extension.h"; path = "＃颜色转换/UIColor+Extension.h"; sourceTree = "<group>"; };
		3E1840D71E56AC4E00069568 /* UIColor+Extension.m */ = {isa = PBXFileReference; fileEncoding = 4; lastKnownFileType = sourcecode.c.objc; name = "UIColor+Extension.m"; path = "＃颜色转换/UIColor+Extension.m"; sourceTree = "<group>"; };
		3E1840E11E56C78300069568 /* YYTabBarController.h */ = {isa = PBXFileReference; fileEncoding = 4; lastKnownFileType = sourcecode.c.h; path = YYTabBarController.h; sourceTree = "<group>"; };
		3E1840E21E56C78300069568 /* YYTabBarController.m */ = {isa = PBXFileReference; fileEncoding = 4; lastKnownFileType = sourcecode.c.objc; path = YYTabBarController.m; sourceTree = "<group>"; };
		3E1840E31E56C78300069568 /* YYTabBar.h */ = {isa = PBXFileReference; fileEncoding = 4; lastKnownFileType = sourcecode.c.h; path = YYTabBar.h; sourceTree = "<group>"; };
		3E1840E41E56C78300069568 /* YYTabBar.m */ = {isa = PBXFileReference; fileEncoding = 4; lastKnownFileType = sourcecode.c.objc; path = YYTabBar.m; sourceTree = "<group>"; };
		3E1840E51E56C78300069568 /* YYTabBarItem.h */ = {isa = PBXFileReference; fileEncoding = 4; lastKnownFileType = sourcecode.c.h; path = YYTabBarItem.h; sourceTree = "<group>"; };
		3E1840E61E56C78300069568 /* YYTabBarItem.m */ = {isa = PBXFileReference; fileEncoding = 4; lastKnownFileType = sourcecode.c.objc; path = YYTabBarItem.m; sourceTree = "<group>"; };
		3E1840F61E56C8BF00069568 /* YYPersonalViewController.h */ = {isa = PBXFileReference; fileEncoding = 4; lastKnownFileType = sourcecode.c.h; path = YYPersonalViewController.h; sourceTree = "<group>"; };
		3E1840F71E56C8BF00069568 /* YYPersonalViewController.m */ = {isa = PBXFileReference; fileEncoding = 4; lastKnownFileType = sourcecode.c.objc; path = YYPersonalViewController.m; sourceTree = "<group>"; };
		3E1840F91E56C8CF00069568 /* YYMeasureViewController.h */ = {isa = PBXFileReference; fileEncoding = 4; lastKnownFileType = sourcecode.c.h; path = YYMeasureViewController.h; sourceTree = "<group>"; };
		3E1840FA1E56C8CF00069568 /* YYMeasureViewController.m */ = {isa = PBXFileReference; fileEncoding = 4; lastKnownFileType = sourcecode.c.objc; path = YYMeasureViewController.m; sourceTree = "<group>"; };
		3E1840FC1E56C8EF00069568 /* YYDefine.pch */ = {isa = PBXFileReference; lastKnownFileType = sourcecode.c.h; path = YYDefine.pch; sourceTree = "<group>"; };
		3E1840FD1E56D01100069568 /* YYConsultViewController.h */ = {isa = PBXFileReference; fileEncoding = 4; lastKnownFileType = sourcecode.c.h; path = YYConsultViewController.h; sourceTree = "<group>"; };
		3E1840FE1E56D01100069568 /* YYConsultViewController.m */ = {isa = PBXFileReference; fileEncoding = 4; lastKnownFileType = sourcecode.c.objc; path = YYConsultViewController.m; sourceTree = "<group>"; };
		3E1841421E56E6D000069568 /* YYHomeHeadView.h */ = {isa = PBXFileReference; fileEncoding = 4; lastKnownFileType = sourcecode.c.h; path = YYHomeHeadView.h; sourceTree = "<group>"; };
		3E1841431E56E6D000069568 /* YYHomeHeadView.m */ = {isa = PBXFileReference; fileEncoding = 4; lastKnownFileType = sourcecode.c.objc; path = YYHomeHeadView.m; sourceTree = "<group>"; };
		3E1841451E5A7BED00069568 /* carinalau1.jpg */ = {isa = PBXFileReference; lastKnownFileType = image.jpeg; path = carinalau1.jpg; sourceTree = "<group>"; };
		3E1841461E5A7BED00069568 /* carinalau2.jpg */ = {isa = PBXFileReference; lastKnownFileType = image.jpeg; path = carinalau2.jpg; sourceTree = "<group>"; };
		3E1841471E5A7BED00069568 /* carinalau3.jpg */ = {isa = PBXFileReference; lastKnownFileType = image.jpeg; path = carinalau3.jpg; sourceTree = "<group>"; };
		3E1841481E5A7BED00069568 /* carinalau4.jpg */ = {isa = PBXFileReference; lastKnownFileType = image.jpeg; path = carinalau4.jpg; sourceTree = "<group>"; };
		3E18414D1E5A937E00069568 /* LIM_.png */ = {isa = PBXFileReference; lastKnownFileType = image.png; path = LIM_.png; sourceTree = "<group>"; };
		3E18414F1E5AA9FF00069568 /* YYTrendView.h */ = {isa = PBXFileReference; fileEncoding = 4; lastKnownFileType = sourcecode.c.h; path = YYTrendView.h; sourceTree = "<group>"; };
		3E1841501E5AA9FF00069568 /* YYTrendView.m */ = {isa = PBXFileReference; fileEncoding = 4; lastKnownFileType = sourcecode.c.objc; path = YYTrendView.m; sourceTree = "<group>"; };
		3E1841531E5ACEFB00069568 /* YYHomeNewTableViewCell.h */ = {isa = PBXFileReference; fileEncoding = 4; lastKnownFileType = sourcecode.c.h; path = YYHomeNewTableViewCell.h; sourceTree = "<group>"; };
		3E1841541E5ACEFB00069568 /* YYHomeNewTableViewCell.m */ = {isa = PBXFileReference; fileEncoding = 4; lastKnownFileType = sourcecode.c.objc; path = YYHomeNewTableViewCell.m; sourceTree = "<group>"; };
		3E1841561E5AD0A900069568 /* cell1.png */ = {isa = PBXFileReference; lastKnownFileType = image.png; path = cell1.png; sourceTree = "<group>"; };
		3E1841581E5AD13200069568 /* cell2.png */ = {isa = PBXFileReference; lastKnownFileType = image.png; path = cell2.png; sourceTree = "<group>"; };
		3E18415A1E5ADB0100069568 /* YYHomeMedicineTableViewCell.h */ = {isa = PBXFileReference; fileEncoding = 4; lastKnownFileType = sourcecode.c.h; path = YYHomeMedicineTableViewCell.h; sourceTree = "<group>"; };
		3E18415B1E5ADB0100069568 /* YYHomeMedicineTableViewCell.m */ = {isa = PBXFileReference; fileEncoding = 4; lastKnownFileType = sourcecode.c.objc; path = YYHomeMedicineTableViewCell.m; sourceTree = "<group>"; };
		3E18415D1E5ADD8F00069568 /* medicine.png */ = {isa = PBXFileReference; lastKnownFileType = image.png; path = medicine.png; sourceTree = "<group>"; };
		3E1E47271E5AF2130042934D /* search_icon.png */ = {isa = PBXFileReference; lastKnownFileType = image.png; path = search_icon.png; sourceTree = "<group>"; };
		3E1E472C1E5BD6FE0042934D /* ZYPageControl.h */ = {isa = PBXFileReference; fileEncoding = 4; lastKnownFileType = sourcecode.c.h; path = ZYPageControl.h; sourceTree = "<group>"; };
		3E1E472D1E5BD6FE0042934D /* ZYPageControl.m */ = {isa = PBXFileReference; fileEncoding = 4; lastKnownFileType = sourcecode.c.objc; path = ZYPageControl.m; sourceTree = "<group>"; };
		3E1E472F1E5BDC3F0042934D /* ZYAbstractDotView.h */ = {isa = PBXFileReference; fileEncoding = 4; lastKnownFileType = sourcecode.c.h; name = ZYAbstractDotView.h; path = "＃颜色转换/ZYAbstractDotView.h"; sourceTree = "<group>"; };
		3E1E47301E5BDC3F0042934D /* ZYAbstractDotView.m */ = {isa = PBXFileReference; fileEncoding = 4; lastKnownFileType = sourcecode.c.objc; name = ZYAbstractDotView.m; path = "＃颜色转换/ZYAbstractDotView.m"; sourceTree = "<group>"; };
		3E1E47311E5BDC3F0042934D /* ZYAnimatedDotView.h */ = {isa = PBXFileReference; fileEncoding = 4; lastKnownFileType = sourcecode.c.h; name = ZYAnimatedDotView.h; path = "＃颜色转换/ZYAnimatedDotView.h"; sourceTree = "<group>"; };
		3E1E47321E5BDC3F0042934D /* ZYAnimatedDotView.m */ = {isa = PBXFileReference; fileEncoding = 4; lastKnownFileType = sourcecode.c.objc; name = ZYAnimatedDotView.m; path = "＃颜色转换/ZYAnimatedDotView.m"; sourceTree = "<group>"; };
		3E1E47331E5BDC3F0042934D /* ZYDotView.h */ = {isa = PBXFileReference; fileEncoding = 4; lastKnownFileType = sourcecode.c.h; name = ZYDotView.h; path = "＃颜色转换/ZYDotView.h"; sourceTree = "<group>"; };
		3E1E47341E5BDC3F0042934D /* ZYDotView.m */ = {isa = PBXFileReference; fileEncoding = 4; lastKnownFileType = sourcecode.c.objc; name = ZYDotView.m; path = "＃颜色转换/ZYDotView.m"; sourceTree = "<group>"; };
		3E1E473C1E5BE1CE0042934D /* InfomationViewController.h */ = {isa = PBXFileReference; fileEncoding = 4; lastKnownFileType = sourcecode.c.h; path = InfomationViewController.h; sourceTree = "<group>"; };
		3E1E473D1E5BE1CE0042934D /* InfomationViewController.m */ = {isa = PBXFileReference; fileEncoding = 4; lastKnownFileType = sourcecode.c.objc; path = InfomationViewController.m; sourceTree = "<group>"; };
		3E1E47411E5BF5350042934D /* YYAppointmentViewController.h */ = {isa = PBXFileReference; fileEncoding = 4; lastKnownFileType = sourcecode.c.h; path = YYAppointmentViewController.h; sourceTree = "<group>"; };
		3E1E47421E5BF5350042934D /* YYAppointmentViewController.m */ = {isa = PBXFileReference; fileEncoding = 4; lastKnownFileType = sourcecode.c.objc; path = YYAppointmentViewController.m; sourceTree = "<group>"; };
		3E1E47441E5C11250042934D /* YYSectionViewController.h */ = {isa = PBXFileReference; fileEncoding = 4; lastKnownFileType = sourcecode.c.h; path = YYSectionViewController.h; sourceTree = "<group>"; };
		3E1E47451E5C11250042934D /* YYSectionViewController.m */ = {isa = PBXFileReference; fileEncoding = 4; lastKnownFileType = sourcecode.c.objc; path = YYSectionViewController.m; sourceTree = "<group>"; };
		3E1E47471E5C26B90042934D /* YYSectorViewController.h */ = {isa = PBXFileReference; fileEncoding = 4; lastKnownFileType = sourcecode.c.h; path = YYSectorViewController.h; sourceTree = "<group>"; };
		3E1E47481E5C26B90042934D /* YYSectorViewController.m */ = {isa = PBXFileReference; fileEncoding = 4; lastKnownFileType = sourcecode.c.objc; path = YYSectorViewController.m; sourceTree = "<group>"; };
		3E1E474A1E5C291A0042934D /* SectorCalendar.h */ = {isa = PBXFileReference; fileEncoding = 4; lastKnownFileType = sourcecode.c.h; path = SectorCalendar.h; sourceTree = "<group>"; };
		3E1E474B1E5C291A0042934D /* SectorCalendar.m */ = {isa = PBXFileReference; fileEncoding = 4; lastKnownFileType = sourcecode.c.objc; path = SectorCalendar.m; sourceTree = "<group>"; };
		3EAB2B731E2F065800D6795F /* YuYi_Client.app */ = {isa = PBXFileReference; explicitFileType = wrapper.application; includeInIndex = 0; path = YuYi_Client.app; sourceTree = BUILT_PRODUCTS_DIR; };
		3EAB2B771E2F065800D6795F /* main.m */ = {isa = PBXFileReference; lastKnownFileType = sourcecode.c.objc; path = main.m; sourceTree = "<group>"; };
		3EAB2B791E2F065800D6795F /* AppDelegate.h */ = {isa = PBXFileReference; lastKnownFileType = sourcecode.c.h; path = AppDelegate.h; sourceTree = "<group>"; };
		3EAB2B7A1E2F065800D6795F /* AppDelegate.m */ = {isa = PBXFileReference; lastKnownFileType = sourcecode.c.objc; path = AppDelegate.m; sourceTree = "<group>"; };
		3EAB2B801E2F065800D6795F /* Base */ = {isa = PBXFileReference; lastKnownFileType = file.storyboard; name = Base; path = Base.lproj/Main.storyboard; sourceTree = "<group>"; };
		3EAB2B821E2F065800D6795F /* Assets.xcassets */ = {isa = PBXFileReference; lastKnownFileType = folder.assetcatalog; path = Assets.xcassets; sourceTree = "<group>"; };
		3EAB2B851E2F065800D6795F /* Base */ = {isa = PBXFileReference; lastKnownFileType = file.storyboard; name = Base; path = Base.lproj/LaunchScreen.storyboard; sourceTree = "<group>"; };
		3EAB2B871E2F065800D6795F /* Info.plist */ = {isa = PBXFileReference; lastKnownFileType = text.plist.xml; path = Info.plist; sourceTree = "<group>"; };
		3EAB2B8C1E2F065800D6795F /* YuYi_ClientTests.xctest */ = {isa = PBXFileReference; explicitFileType = wrapper.cfbundle; includeInIndex = 0; path = YuYi_ClientTests.xctest; sourceTree = BUILT_PRODUCTS_DIR; };
		3EAB2B901E2F065900D6795F /* YuYi_ClientTests.m */ = {isa = PBXFileReference; lastKnownFileType = sourcecode.c.objc; path = YuYi_ClientTests.m; sourceTree = "<group>"; };
		3EAB2B921E2F065900D6795F /* Info.plist */ = {isa = PBXFileReference; lastKnownFileType = text.plist.xml; path = Info.plist; sourceTree = "<group>"; };
		3EAB2B971E2F065900D6795F /* YuYi_ClientUITests.xctest */ = {isa = PBXFileReference; explicitFileType = wrapper.cfbundle; includeInIndex = 0; path = YuYi_ClientUITests.xctest; sourceTree = BUILT_PRODUCTS_DIR; };
		3EAB2B9B1E2F065900D6795F /* YuYi_ClientUITests.m */ = {isa = PBXFileReference; lastKnownFileType = sourcecode.c.objc; path = YuYi_ClientUITests.m; sourceTree = "<group>"; };
		3EAB2B9D1E2F065900D6795F /* Info.plist */ = {isa = PBXFileReference; lastKnownFileType = text.plist.xml; path = Info.plist; sourceTree = "<group>"; };
		3EBA2D661E5E7B6F005C3448 /* YYHandleMeasureViewController.h */ = {isa = PBXFileReference; fileEncoding = 4; lastKnownFileType = sourcecode.c.h; path = YYHandleMeasureViewController.h; sourceTree = "<group>"; };
		3EBA2D671E5E7B6F005C3448 /* YYHandleMeasureViewController.m */ = {isa = PBXFileReference; fileEncoding = 4; lastKnownFileType = sourcecode.c.objc; path = YYHandleMeasureViewController.m; sourceTree = "<group>"; };
		3EBA2D691E5E80C8005C3448 /* UIBarButtonItem+Helper.h */ = {isa = PBXFileReference; fileEncoding = 4; lastKnownFileType = sourcecode.c.h; path = "UIBarButtonItem+Helper.h"; sourceTree = "<group>"; };
		3EBA2D6A1E5E80C8005C3448 /* UIBarButtonItem+Helper.m */ = {isa = PBXFileReference; fileEncoding = 4; lastKnownFileType = sourcecode.c.objc; path = "UIBarButtonItem+Helper.m"; sourceTree = "<group>"; };
		3EBA2D6C1E5E8647005C3448 /* YYCardInputView.h */ = {isa = PBXFileReference; fileEncoding = 4; lastKnownFileType = sourcecode.c.h; path = YYCardInputView.h; sourceTree = "<group>"; };
		3EBA2D6D1E5E8647005C3448 /* YYCardInputView.m */ = {isa = PBXFileReference; fileEncoding = 4; lastKnownFileType = sourcecode.c.objc; path = YYCardInputView.m; sourceTree = "<group>"; };
		3EBA2D6F1E5E9ECC005C3448 /* YYHospitalInfoViewController.h */ = {isa = PBXFileReference; fileEncoding = 4; lastKnownFileType = sourcecode.c.h; path = YYHospitalInfoViewController.h; sourceTree = "<group>"; };
		3EBA2D701E5E9ECC005C3448 /* YYHospitalInfoViewController.m */ = {isa = PBXFileReference; fileEncoding = 4; lastKnownFileType = sourcecode.c.objc; path = YYHospitalInfoViewController.m; sourceTree = "<group>"; };
		3EBA2D721E5EB7C3005C3448 /* YYConsultTableViewCell.h */ = {isa = PBXFileReference; fileEncoding = 4; lastKnownFileType = sourcecode.c.h; path = YYConsultTableViewCell.h; sourceTree = "<group>"; };
		3EBA2D731E5EB7C3005C3448 /* YYConsultTableViewCell.m */ = {isa = PBXFileReference; fileEncoding = 4; lastKnownFileType = sourcecode.c.objc; path = YYConsultTableViewCell.m; sourceTree = "<group>"; };
		3EBA2D751E5ED8EE005C3448 /* YYPersonalTableViewCell.h */ = {isa = PBXFileReference; fileEncoding = 4; lastKnownFileType = sourcecode.c.h; path = YYPersonalTableViewCell.h; sourceTree = "<group>"; };
		3EBA2D761E5ED8EE005C3448 /* YYPersonalTableViewCell.m */ = {isa = PBXFileReference; fileEncoding = 4; lastKnownFileType = sourcecode.c.objc; path = YYPersonalTableViewCell.m; sourceTree = "<group>"; };
		3ECBB45C1E5C600F00BD5BE5 /* YYSectorTableViewCell.h */ = {isa = PBXFileReference; fileEncoding = 4; lastKnownFileType = sourcecode.c.h; path = YYSectorTableViewCell.h; sourceTree = "<group>"; };
		3ECBB45D1E5C600F00BD5BE5 /* YYSectorTableViewCell.m */ = {isa = PBXFileReference; fileEncoding = 4; lastKnownFileType = sourcecode.c.objc; path = YYSectorTableViewCell.m; sourceTree = "<group>"; };
		3ECBB4621E5D57BF00BD5BE5 /* YYMeasureTableViewCell.h */ = {isa = PBXFileReference; fileEncoding = 4; lastKnownFileType = sourcecode.c.h; path = YYMeasureTableViewCell.h; sourceTree = "<group>"; };
		3ECBB4631E5D57BF00BD5BE5 /* YYMeasureTableViewCell.m */ = {isa = PBXFileReference; fileEncoding = 4; lastKnownFileType = sourcecode.c.objc; path = YYMeasureTableViewCell.m; sourceTree = "<group>"; };
		3ECBB4671E5D739F00BD5BE5 /* FMActionSheet.h */ = {isa = PBXFileReference; fileEncoding = 4; lastKnownFileType = sourcecode.c.h; path = FMActionSheet.h; sourceTree = "<group>"; };
		3ECBB4681E5D739F00BD5BE5 /* FMActionSheet.m */ = {isa = PBXFileReference; fileEncoding = 4; lastKnownFileType = sourcecode.c.objc; path = FMActionSheet.m; sourceTree = "<group>"; };
		3ECBB46A1E5D77AE00BD5BE5 /* YYAutoMeasureViewController.h */ = {isa = PBXFileReference; fileEncoding = 4; lastKnownFileType = sourcecode.c.h; path = YYAutoMeasureViewController.h; sourceTree = "<group>"; };
		3ECBB46B1E5D77AE00BD5BE5 /* YYAutoMeasureViewController.m */ = {isa = PBXFileReference; fileEncoding = 4; lastKnownFileType = sourcecode.c.objc; path = YYAutoMeasureViewController.m; sourceTree = "<group>"; };
		3ECBB46D1E5D7CD600BD5BE5 /* YYCardView.h */ = {isa = PBXFileReference; fileEncoding = 4; lastKnownFileType = sourcecode.c.h; path = YYCardView.h; sourceTree = "<group>"; };
		3ECBB46E1E5D7CD600BD5BE5 /* YYCardView.m */ = {isa = PBXFileReference; fileEncoding = 4; lastKnownFileType = sourcecode.c.objc; path = YYCardView.m; sourceTree = "<group>"; };
		3ECBB4701E5D90CE00BD5BE5 /* YYConnectViewController.h */ = {isa = PBXFileReference; fileEncoding = 4; lastKnownFileType = sourcecode.c.h; path = YYConnectViewController.h; sourceTree = "<group>"; };
		3ECBB4711E5D90CE00BD5BE5 /* YYConnectViewController.m */ = {isa = PBXFileReference; fileEncoding = 4; lastKnownFileType = sourcecode.c.objc; path = YYConnectViewController.m; sourceTree = "<group>"; };
		3EDBD9CC1E5DB22E008F6D65 /* YYMemberTableViewCell.h */ = {isa = PBXFileReference; fileEncoding = 4; lastKnownFileType = sourcecode.c.h; path = YYMemberTableViewCell.h; sourceTree = "<group>"; };
		3EDBD9CD1E5DB22E008F6D65 /* YYMemberTableViewCell.m */ = {isa = PBXFileReference; fileEncoding = 4; lastKnownFileType = sourcecode.c.objc; path = YYMemberTableViewCell.m; sourceTree = "<group>"; };
		3EF5655E1E5693C50045918B /* HttpClient.h */ = {isa = PBXFileReference; fileEncoding = 4; lastKnownFileType = sourcecode.c.h; path = HttpClient.h; sourceTree = "<group>"; };
		3EF5655F1E5693C50045918B /* HttpClient.m */ = {isa = PBXFileReference; fileEncoding = 4; lastKnownFileType = sourcecode.c.objc; path = HttpClient.m; sourceTree = "<group>"; };
		79EE98A8F7200045E176C0DD /* Pods-YuYi_Client.release.xcconfig */ = {isa = PBXFileReference; includeInIndex = 1; lastKnownFileType = text.xcconfig; name = "Pods-YuYi_Client.release.xcconfig"; path = "Pods/Target Support Files/Pods-YuYi_Client/Pods-YuYi_Client.release.xcconfig"; sourceTree = "<group>"; };
		987C0FA07F4A18B3B3BED3C7 /* libPods-YuYi_Client.a */ = {isa = PBXFileReference; explicitFileType = archive.ar; includeInIndex = 0; path = "libPods-YuYi_Client.a"; sourceTree = BUILT_PRODUCTS_DIR; };
		C0AB83EC4D10272B4B64A4A4 /* Pods-YuYi_Client.debug.xcconfig */ = {isa = PBXFileReference; includeInIndex = 1; lastKnownFileType = text.xcconfig; name = "Pods-YuYi_Client.debug.xcconfig"; path = "Pods/Target Support Files/Pods-YuYi_Client/Pods-YuYi_Client.debug.xcconfig"; sourceTree = "<group>"; };
/* End PBXFileReference section */

/* Begin PBXFrameworksBuildPhase section */
		3EAB2B701E2F065800D6795F /* Frameworks */ = {
			isa = PBXFrameworksBuildPhase;
			buildActionMask = 2147483647;
			files = (
				6E3E014AA343E778117EB31D /* libPods-YuYi_Client.a in Frameworks */,
			);
			runOnlyForDeploymentPostprocessing = 0;
		};
		3EAB2B891E2F065800D6795F /* Frameworks */ = {
			isa = PBXFrameworksBuildPhase;
			buildActionMask = 2147483647;
			files = (
			);
			runOnlyForDeploymentPostprocessing = 0;
		};
		3EAB2B941E2F065900D6795F /* Frameworks */ = {
			isa = PBXFrameworksBuildPhase;
			buildActionMask = 2147483647;
			files = (
			);
			runOnlyForDeploymentPostprocessing = 0;
		};
/* End PBXFrameworksBuildPhase section */

/* Begin PBXGroup section */
		1654BF351E5ED20B002F1D00 /* C */ = {
			isa = PBXGroup;
			children = (
				1654BF421E5ED790002F1D00 /* ViewController.h */,
				1654BF431E5ED790002F1D00 /* ViewController.m */,
				1654BF511E5EDFE8002F1D00 /* YYMedicinalDetailVC.h */,
				1654BF521E5EDFE8002F1D00 /* YYMedicinalDetailVC.m */,
				1654BF541E5EDFFB002F1D00 /* YYConfirmVC.h */,
				1654BF551E5EDFFB002F1D00 /* YYConfirmVC.m */,
			);
			name = C;
			sourceTree = "<group>";
		};
		1654BF371E5ED224002F1D00 /* M */ = {
			isa = PBXGroup;
			children = (
			);
			name = M;
			sourceTree = "<group>";
		};
		1654BF381E5ED22E002F1D00 /* V */ = {
			isa = PBXGroup;
			children = (
				1654BF481E5ED85E002F1D00 /* headerTitleBtn.h */,
				1654BF491E5ED85E002F1D00 /* headerTitleBtn.m */,
				1654BF451E5ED7E9002F1D00 /* searchBar.h */,
				1654BF461E5ED7E9002F1D00 /* searchBar.m */,
				1654BF4E1E5ED8D3002F1D00 /* YYCollectionViewCell.h */,
				1654BF4F1E5ED8D3002F1D00 /* YYCollectionViewCell.m */,
				1654BF4B1E5ED892002F1D00 /* YYflowLay.h */,
				1654BF4C1E5ED892002F1D00 /* YYflowLay.m */,
				16E75CFF1E5FFDE700A71AA5 /* YYPayOptionView.h */,
				16E75D001E5FFDE700A71AA5 /* YYPayOptionView.m */,
				16E75D021E60117800A71AA5 /* YYPaySuccessView.h */,
				16E75D031E60117800A71AA5 /* YYPaySuccessView.m */,
			);
			name = V;
			sourceTree = "<group>";
		};
		1654BF391E5ED286002F1D00 /* medicinalShop */ = {
			isa = PBXGroup;
			children = (
				1654BF351E5ED20B002F1D00 /* C */,
				1654BF381E5ED22E002F1D00 /* V */,
				1654BF371E5ED224002F1D00 /* M */,
			);
			name = medicinalShop;
			sourceTree = "<group>";
		};
		1654BF3A1E5ED313002F1D00 /* allMedicinal */ = {
			isa = PBXGroup;
			children = (
				1654BF661E5EE25A002F1D00 /* YYBaseViewController.h */,
				1654BF671E5EE25A002F1D00 /* YYBaseViewController.m */,
				1654BF3D1E5ED377002F1D00 /* C */,
				1654BF3C1E5ED369002F1D00 /* V */,
				1654BF3B1E5ED35A002F1D00 /* M */,
			);
			name = allMedicinal;
			sourceTree = "<group>";
		};
		1654BF3B1E5ED35A002F1D00 /* M */ = {
			isa = PBXGroup;
			children = (
			);
			name = M;
			sourceTree = "<group>";
		};
		1654BF3C1E5ED369002F1D00 /* V */ = {
			isa = PBXGroup;
			children = (
				1654BF5A1E5EE18F002F1D00 /* YYAllMedicinalCollectionViewCell.h */,
				1654BF5B1E5EE18F002F1D00 /* YYAllMedicinalCollectionViewCell.m */,
				1654BF5C1E5EE18F002F1D00 /* YYAllMedicinalFlowLayout.h */,
				1654BF5D1E5EE18F002F1D00 /* YYAllMedicinalFlowLayout.m */,
				1654BF5E1E5EE18F002F1D00 /* YYAllMedicinalTitleBtn.h */,
				1654BF5F1E5EE18F002F1D00 /* YYAllMedicinalTitleBtn.m */,
				1654BF601E5EE18F002F1D00 /* YYClassificationFlowLayout.h */,
				1654BF611E5EE18F002F1D00 /* YYClassificationFlowLayout.m */,
			);
			name = V;
			sourceTree = "<group>";
		};
		1654BF3D1E5ED377002F1D00 /* C */ = {
			isa = PBXGroup;
			children = (
				1654BF571E5EE16B002F1D00 /* YYAllMedicinalViewController.h */,
				1654BF581E5EE16B002F1D00 /* YYAllMedicinalViewController.m */,
			);
			name = C;
			sourceTree = "<group>";
		};
		1654BF3E1E5ED572002F1D00 /* tools */ = {
			isa = PBXGroup;
			children = (
				1654BF3F1E5ED675002F1D00 /* UIColor+colorValues.h */,
				1654BF401E5ED675002F1D00 /* UIColor+colorValues.m */,
			);
			name = tools;
			sourceTree = "<group>";
		};
		376989C8F18E57266BCAFC54 /* Pods */ = {
			isa = PBXGroup;
			children = (
				C0AB83EC4D10272B4B64A4A4 /* Pods-YuYi_Client.debug.xcconfig */,
				79EE98A8F7200045E176C0DD /* Pods-YuYi_Client.release.xcconfig */,
			);
			name = Pods;
			sourceTree = "<group>";
		};
		3E1220661E56910600BD5F21 /* Root_Tools */ = {
			isa = PBXGroup;
			children = (
				3ECBB4671E5D739F00BD5BE5 /* FMActionSheet.h */,
				3ECBB4681E5D739F00BD5BE5 /* FMActionSheet.m */,
				3E1840D61E56AC4E00069568 /* UIColor+Extension.h */,
				3E1840D71E56AC4E00069568 /* UIColor+Extension.m */,
				3EF5655E1E5693C50045918B /* HttpClient.h */,
				3EF5655F1E5693C50045918B /* HttpClient.m */,
				3E1E472C1E5BD6FE0042934D /* ZYPageControl.h */,
				3E1E472D1E5BD6FE0042934D /* ZYPageControl.m */,
				3E1E472F1E5BDC3F0042934D /* ZYAbstractDotView.h */,
				3E1E47301E5BDC3F0042934D /* ZYAbstractDotView.m */,
				3E1E47311E5BDC3F0042934D /* ZYAnimatedDotView.h */,
				3E1E47321E5BDC3F0042934D /* ZYAnimatedDotView.m */,
				3E1E47331E5BDC3F0042934D /* ZYDotView.h */,
				3E1E47341E5BDC3F0042934D /* ZYDotView.m */,
				3EBA2D691E5E80C8005C3448 /* UIBarButtonItem+Helper.h */,
				3EBA2D6A1E5E80C8005C3448 /* UIBarButtonItem+Helper.m */,
			);
			name = Root_Tools;
			sourceTree = "<group>";
		};
		3E1840D91E56C56200069568 /* Classes */ = {
			isa = PBXGroup;
			children = (
				3E1840DA1E56C57100069568 /* App Delegate */,
				3E1840DB1E56C58900069568 /* TabBarAndNav */,
				3E1840DC1E56C5AE00069568 /* HomePage */,
				3E1840DE1E56C70B00069568 /* MeasurePage */,
				3E1840DF1E56C72700069568 /* ConsultPage */,
				3E1840E01E56C74000069568 /* PersonalPage */,
				3E1840DD1E56C6BF00069568 /* Other */,
			);
			name = Classes;
			sourceTree = "<group>";
		};
		3E1840DA1E56C57100069568 /* App Delegate */ = {
			isa = PBXGroup;
			children = (
				3EAB2B791E2F065800D6795F /* AppDelegate.h */,
				3EAB2B7A1E2F065800D6795F /* AppDelegate.m */,
			);
			name = "App Delegate";
			sourceTree = "<group>";
		};
		3E1840DB1E56C58900069568 /* TabBarAndNav */ = {
			isa = PBXGroup;
			children = (
				3E1840CC1E569CAB00069568 /* YYNavigationController.h */,
				3E1840CD1E569CAB00069568 /* YYNavigationController.m */,
				3E1840E11E56C78300069568 /* YYTabBarController.h */,
				3E1840E21E56C78300069568 /* YYTabBarController.m */,
				3E1840E31E56C78300069568 /* YYTabBar.h */,
				3E1840E41E56C78300069568 /* YYTabBar.m */,
				3E1840E51E56C78300069568 /* YYTabBarItem.h */,
				3E1840E61E56C78300069568 /* YYTabBarItem.m */,
			);
			name = TabBarAndNav;
			sourceTree = "<group>";
		};
		3E1840DC1E56C5AE00069568 /* HomePage */ = {
			isa = PBXGroup;
			children = (
				3E1E47381E5BE10D0042934D /* M */,
				3E1E47391E5BE1150042934D /* V */,
				3E1E473A1E5BE11B0042934D /* C */,
				3E1E473B1E5BE14C0042934D /* InformationPage */,
				3E1841001E56D57500069568 /* ShoppingMall */,
				3E1E47401E5BF50D0042934D /* AppointmentPage */,
			);
			name = HomePage;
			sourceTree = "<group>";
		};
		3E1840DD1E56C6BF00069568 /* Other */ = {
			isa = PBXGroup;
			children = (
				3EAB2B7F1E2F065800D6795F /* Main.storyboard */,
				3EAB2B821E2F065800D6795F /* Assets.xcassets */,
				3EAB2B841E2F065800D6795F /* LaunchScreen.storyboard */,
				3EAB2B871E2F065800D6795F /* Info.plist */,
				3E1840FC1E56C8EF00069568 /* YYDefine.pch */,
				3E1841451E5A7BED00069568 /* carinalau1.jpg */,
				3E1841461E5A7BED00069568 /* carinalau2.jpg */,
				3E1841471E5A7BED00069568 /* carinalau3.jpg */,
				3E1841481E5A7BED00069568 /* carinalau4.jpg */,
				3E18414D1E5A937E00069568 /* LIM_.png */,
				3E1841561E5AD0A900069568 /* cell1.png */,
				3E1841581E5AD13200069568 /* cell2.png */,
				3E18415D1E5ADD8F00069568 /* medicine.png */,
				3E1E47271E5AF2130042934D /* search_icon.png */,
			);
			name = Other;
			sourceTree = "<group>";
		};
		3E1840DE1E56C70B00069568 /* MeasurePage */ = {
			isa = PBXGroup;
			children = (
				3ECBB4611E5D56B100BD5BE5 /* C */,
				3ECBB4601E5D56AD00BD5BE5 /* V */,
				3ECBB45F1E5D4F1800BD5BE5 /* M */,
			);
			name = MeasurePage;
			sourceTree = "<group>";
		};
		3E1840DF1E56C72700069568 /* ConsultPage */ = {
			isa = PBXGroup;
			children = (
				3E1840FD1E56D01100069568 /* YYConsultViewController.h */,
				3E1840FE1E56D01100069568 /* YYConsultViewController.m */,
				3EBA2D721E5EB7C3005C3448 /* YYConsultTableViewCell.h */,
				3EBA2D731E5EB7C3005C3448 /* YYConsultTableViewCell.m */,
				3EBA2D6F1E5E9ECC005C3448 /* YYHospitalInfoViewController.h */,
				3EBA2D701E5E9ECC005C3448 /* YYHospitalInfoViewController.m */,
			);
			name = ConsultPage;
			sourceTree = "<group>";
		};
		3E1840E01E56C74000069568 /* PersonalPage */ = {
			isa = PBXGroup;
			children = (
				3E1840F61E56C8BF00069568 /* YYPersonalViewController.h */,
				3E1840F71E56C8BF00069568 /* YYPersonalViewController.m */,
				3EBA2D751E5ED8EE005C3448 /* YYPersonalTableViewCell.h */,
				3EBA2D761E5ED8EE005C3448 /* YYPersonalTableViewCell.m */,
			);
			name = PersonalPage;
			sourceTree = "<group>";
		};
		3E1841001E56D57500069568 /* ShoppingMall */ = {
			isa = PBXGroup;
			children = (
				1654BF3E1E5ED572002F1D00 /* tools */,
				1654BF391E5ED286002F1D00 /* medicinalShop */,
				1654BF3A1E5ED313002F1D00 /* allMedicinal */,
			);
			name = ShoppingMall;
			sourceTree = "<group>";
		};
		3E1E47381E5BE10D0042934D /* M */ = {
			isa = PBXGroup;
			children = (
			);
			name = M;
			sourceTree = "<group>";
		};
		3E1E47391E5BE1150042934D /* V */ = {
			isa = PBXGroup;
			children = (
				3E1841421E56E6D000069568 /* YYHomeHeadView.h */,
				3E1841431E56E6D000069568 /* YYHomeHeadView.m */,
				3E18414F1E5AA9FF00069568 /* YYTrendView.h */,
				3E1841501E5AA9FF00069568 /* YYTrendView.m */,
				3E1841531E5ACEFB00069568 /* YYHomeNewTableViewCell.h */,
				3E1841541E5ACEFB00069568 /* YYHomeNewTableViewCell.m */,
				3E18415A1E5ADB0100069568 /* YYHomeMedicineTableViewCell.h */,
				3E18415B1E5ADB0100069568 /* YYHomeMedicineTableViewCell.m */,
			);
			name = V;
			sourceTree = "<group>";
		};
		3E1E473A1E5BE11B0042934D /* C */ = {
			isa = PBXGroup;
			children = (
				3E1840D21E569D6200069568 /* YYHomePageViewController.h */,
				3E1840D31E569D6200069568 /* YYHomePageViewController.m */,
			);
			name = C;
			sourceTree = "<group>";
		};
		3E1E473B1E5BE14C0042934D /* InformationPage */ = {
			isa = PBXGroup;
			children = (
				3E1E473C1E5BE1CE0042934D /* InfomationViewController.h */,
				3E1E473D1E5BE1CE0042934D /* InfomationViewController.m */,
			);
			name = InformationPage;
			sourceTree = "<group>";
		};
		3E1E47401E5BF50D0042934D /* AppointmentPage */ = {
			isa = PBXGroup;
			children = (
				3E1E47411E5BF5350042934D /* YYAppointmentViewController.h */,
				3E1E47421E5BF5350042934D /* YYAppointmentViewController.m */,
				3E1E47441E5C11250042934D /* YYSectionViewController.h */,
				3E1E47451E5C11250042934D /* YYSectionViewController.m */,
				3E1E47471E5C26B90042934D /* YYSectorViewController.h */,
				3E1E47481E5C26B90042934D /* YYSectorViewController.m */,
				3E1E474A1E5C291A0042934D /* SectorCalendar.h */,
				3E1E474B1E5C291A0042934D /* SectorCalendar.m */,
				3ECBB45C1E5C600F00BD5BE5 /* YYSectorTableViewCell.h */,
				3ECBB45D1E5C600F00BD5BE5 /* YYSectorTableViewCell.m */,
			);
			name = AppointmentPage;
			sourceTree = "<group>";
		};
		3EAB2B6A1E2F065800D6795F = {
			isa = PBXGroup;
			children = (
				16E75CFD1E5FBE4000A71AA5 /* YYPersonalTableViewCell.m */,
				3EAB2B751E2F065800D6795F /* YuYi_Client */,
				3EAB2B8F1E2F065900D6795F /* YuYi_ClientTests */,
				3EAB2B9A1E2F065900D6795F /* YuYi_ClientUITests */,
				3EAB2B741E2F065800D6795F /* Products */,
				376989C8F18E57266BCAFC54 /* Pods */,
				4BCFE1CDF028F8743BA4C987 /* Frameworks */,
			);
			sourceTree = "<group>";
		};
		3EAB2B741E2F065800D6795F /* Products */ = {
			isa = PBXGroup;
			children = (
				3EAB2B731E2F065800D6795F /* YuYi_Client.app */,
				3EAB2B8C1E2F065800D6795F /* YuYi_ClientTests.xctest */,
				3EAB2B971E2F065900D6795F /* YuYi_ClientUITests.xctest */,
			);
			name = Products;
			sourceTree = "<group>";
		};
		3EAB2B751E2F065800D6795F /* YuYi_Client */ = {
			isa = PBXGroup;
			children = (
				3E1220661E56910600BD5F21 /* Root_Tools */,
				3E1840D91E56C56200069568 /* Classes */,
				3EAB2B761E2F065800D6795F /* Supporting Files */,
			);
			path = YuYi_Client;
			sourceTree = "<group>";
		};
		3EAB2B761E2F065800D6795F /* Supporting Files */ = {
			isa = PBXGroup;
			children = (
				3EAB2B771E2F065800D6795F /* main.m */,
			);
			name = "Supporting Files";
			sourceTree = "<group>";
		};
		3EAB2B8F1E2F065900D6795F /* YuYi_ClientTests */ = {
			isa = PBXGroup;
			children = (
				3EAB2B901E2F065900D6795F /* YuYi_ClientTests.m */,
				3EAB2B921E2F065900D6795F /* Info.plist */,
			);
			path = YuYi_ClientTests;
			sourceTree = "<group>";
		};
		3EAB2B9A1E2F065900D6795F /* YuYi_ClientUITests */ = {
			isa = PBXGroup;
			children = (
				3EAB2B9B1E2F065900D6795F /* YuYi_ClientUITests.m */,
				3EAB2B9D1E2F065900D6795F /* Info.plist */,
			);
			path = YuYi_ClientUITests;
			sourceTree = "<group>";
		};
		3ECBB45F1E5D4F1800BD5BE5 /* M */ = {
			isa = PBXGroup;
			children = (
			);
			name = M;
			sourceTree = "<group>";
		};
		3ECBB4601E5D56AD00BD5BE5 /* V */ = {
			isa = PBXGroup;
			children = (
			);
			name = V;
			sourceTree = "<group>";
		};
		3ECBB4611E5D56B100BD5BE5 /* C */ = {
			isa = PBXGroup;
			children = (
				3E1840F91E56C8CF00069568 /* YYMeasureViewController.h */,
				3E1840FA1E56C8CF00069568 /* YYMeasureViewController.m */,
				3ECBB4621E5D57BF00BD5BE5 /* YYMeasureTableViewCell.h */,
				3ECBB4631E5D57BF00BD5BE5 /* YYMeasureTableViewCell.m */,
				3ECBB46A1E5D77AE00BD5BE5 /* YYAutoMeasureViewController.h */,
				3ECBB46B1E5D77AE00BD5BE5 /* YYAutoMeasureViewController.m */,
				3EBA2D661E5E7B6F005C3448 /* YYHandleMeasureViewController.h */,
				3EBA2D671E5E7B6F005C3448 /* YYHandleMeasureViewController.m */,
				3ECBB46D1E5D7CD600BD5BE5 /* YYCardView.h */,
				3ECBB46E1E5D7CD600BD5BE5 /* YYCardView.m */,
				3EBA2D6C1E5E8647005C3448 /* YYCardInputView.h */,
				3EBA2D6D1E5E8647005C3448 /* YYCardInputView.m */,
				3ECBB4701E5D90CE00BD5BE5 /* YYConnectViewController.h */,
				3ECBB4711E5D90CE00BD5BE5 /* YYConnectViewController.m */,
				3EDBD9CC1E5DB22E008F6D65 /* YYMemberTableViewCell.h */,
				3EDBD9CD1E5DB22E008F6D65 /* YYMemberTableViewCell.m */,
			);
			name = C;
			sourceTree = "<group>";
		};
		4BCFE1CDF028F8743BA4C987 /* Frameworks */ = {
			isa = PBXGroup;
			children = (
				987C0FA07F4A18B3B3BED3C7 /* libPods-YuYi_Client.a */,
			);
			name = Frameworks;
			sourceTree = "<group>";
		};
/* End PBXGroup section */

/* Begin PBXNativeTarget section */
		3EAB2B721E2F065800D6795F /* YuYi_Client */ = {
			isa = PBXNativeTarget;
			buildConfigurationList = 3EAB2BA01E2F065900D6795F /* Build configuration list for PBXNativeTarget "YuYi_Client" */;
			buildPhases = (
				F49F190EFD42F6424F04674A /* [CP] Check Pods Manifest.lock */,
				3EAB2B6F1E2F065800D6795F /* Sources */,
				3EAB2B701E2F065800D6795F /* Frameworks */,
				3EAB2B711E2F065800D6795F /* Resources */,
				63D06C0D008242DB2C829EB5 /* [CP] Embed Pods Frameworks */,
				CAAA3A5F5C222C8ACAA9C528 /* [CP] Copy Pods Resources */,
			);
			buildRules = (
			);
			dependencies = (
			);
			name = YuYi_Client;
			productName = YuYi_Client;
			productReference = 3EAB2B731E2F065800D6795F /* YuYi_Client.app */;
			productType = "com.apple.product-type.application";
		};
		3EAB2B8B1E2F065800D6795F /* YuYi_ClientTests */ = {
			isa = PBXNativeTarget;
			buildConfigurationList = 3EAB2BA31E2F065900D6795F /* Build configuration list for PBXNativeTarget "YuYi_ClientTests" */;
			buildPhases = (
				3EAB2B881E2F065800D6795F /* Sources */,
				3EAB2B891E2F065800D6795F /* Frameworks */,
				3EAB2B8A1E2F065800D6795F /* Resources */,
			);
			buildRules = (
			);
			dependencies = (
				3EAB2B8E1E2F065900D6795F /* PBXTargetDependency */,
			);
			name = YuYi_ClientTests;
			productName = YuYi_ClientTests;
			productReference = 3EAB2B8C1E2F065800D6795F /* YuYi_ClientTests.xctest */;
			productType = "com.apple.product-type.bundle.unit-test";
		};
		3EAB2B961E2F065900D6795F /* YuYi_ClientUITests */ = {
			isa = PBXNativeTarget;
			buildConfigurationList = 3EAB2BA61E2F065900D6795F /* Build configuration list for PBXNativeTarget "YuYi_ClientUITests" */;
			buildPhases = (
				3EAB2B931E2F065900D6795F /* Sources */,
				3EAB2B941E2F065900D6795F /* Frameworks */,
				3EAB2B951E2F065900D6795F /* Resources */,
			);
			buildRules = (
			);
			dependencies = (
				3EAB2B991E2F065900D6795F /* PBXTargetDependency */,
			);
			name = YuYi_ClientUITests;
			productName = YuYi_ClientUITests;
			productReference = 3EAB2B971E2F065900D6795F /* YuYi_ClientUITests.xctest */;
			productType = "com.apple.product-type.bundle.ui-testing";
		};
/* End PBXNativeTarget section */

/* Begin PBXProject section */
		3EAB2B6B1E2F065800D6795F /* Project object */ = {
			isa = PBXProject;
			attributes = {
				LastUpgradeCheck = 0820;
				ORGANIZATIONNAME = wylt_ios_1;
				TargetAttributes = {
					3EAB2B721E2F065800D6795F = {
						CreatedOnToolsVersion = 8.2.1;
						ProvisioningStyle = Automatic;
					};
					3EAB2B8B1E2F065800D6795F = {
						CreatedOnToolsVersion = 8.2.1;
						ProvisioningStyle = Automatic;
						TestTargetID = 3EAB2B721E2F065800D6795F;
					};
					3EAB2B961E2F065900D6795F = {
						CreatedOnToolsVersion = 8.2.1;
						ProvisioningStyle = Automatic;
						TestTargetID = 3EAB2B721E2F065800D6795F;
					};
				};
			};
			buildConfigurationList = 3EAB2B6E1E2F065800D6795F /* Build configuration list for PBXProject "YuYi_Client" */;
			compatibilityVersion = "Xcode 3.2";
			developmentRegion = English;
			hasScannedForEncodings = 0;
			knownRegions = (
				en,
				Base,
			);
			mainGroup = 3EAB2B6A1E2F065800D6795F;
			productRefGroup = 3EAB2B741E2F065800D6795F /* Products */;
			projectDirPath = "";
			projectRoot = "";
			targets = (
				3EAB2B721E2F065800D6795F /* YuYi_Client */,
				3EAB2B8B1E2F065800D6795F /* YuYi_ClientTests */,
				3EAB2B961E2F065900D6795F /* YuYi_ClientUITests */,
			);
		};
/* End PBXProject section */

/* Begin PBXResourcesBuildPhase section */
		3EAB2B711E2F065800D6795F /* Resources */ = {
			isa = PBXResourcesBuildPhase;
			buildActionMask = 2147483647;
			files = (
				3E1E47281E5AF2130042934D /* search_icon.png in Resources */,
				3E1841591E5AD13200069568 /* cell2.png in Resources */,
				3E18415E1E5ADD8F00069568 /* medicine.png in Resources */,
				3E1841571E5AD0A900069568 /* cell1.png in Resources */,
				3E18414A1E5A7BED00069568 /* carinalau2.jpg in Resources */,
				3EAB2B861E2F065800D6795F /* LaunchScreen.storyboard in Resources */,
				3E1841491E5A7BED00069568 /* carinalau1.jpg in Resources */,
				3EAB2B831E2F065800D6795F /* Assets.xcassets in Resources */,
				3E18414E1E5A937E00069568 /* LIM_.png in Resources */,
				3E18414C1E5A7BED00069568 /* carinalau4.jpg in Resources */,
				3EAB2B811E2F065800D6795F /* Main.storyboard in Resources */,
				3E18414B1E5A7BED00069568 /* carinalau3.jpg in Resources */,
			);
			runOnlyForDeploymentPostprocessing = 0;
		};
		3EAB2B8A1E2F065800D6795F /* Resources */ = {
			isa = PBXResourcesBuildPhase;
			buildActionMask = 2147483647;
			files = (
			);
			runOnlyForDeploymentPostprocessing = 0;
		};
		3EAB2B951E2F065900D6795F /* Resources */ = {
			isa = PBXResourcesBuildPhase;
			buildActionMask = 2147483647;
			files = (
			);
			runOnlyForDeploymentPostprocessing = 0;
		};
/* End PBXResourcesBuildPhase section */

/* Begin PBXShellScriptBuildPhase section */
		63D06C0D008242DB2C829EB5 /* [CP] Embed Pods Frameworks */ = {
			isa = PBXShellScriptBuildPhase;
			buildActionMask = 2147483647;
			files = (
			);
			inputPaths = (
			);
			name = "[CP] Embed Pods Frameworks";
			outputPaths = (
			);
			runOnlyForDeploymentPostprocessing = 0;
			shellPath = /bin/sh;
			shellScript = "\"${SRCROOT}/Pods/Target Support Files/Pods-YuYi_Client/Pods-YuYi_Client-frameworks.sh\"\n";
			showEnvVarsInLog = 0;
		};
		CAAA3A5F5C222C8ACAA9C528 /* [CP] Copy Pods Resources */ = {
			isa = PBXShellScriptBuildPhase;
			buildActionMask = 2147483647;
			files = (
			);
			inputPaths = (
			);
			name = "[CP] Copy Pods Resources";
			outputPaths = (
			);
			runOnlyForDeploymentPostprocessing = 0;
			shellPath = /bin/sh;
			shellScript = "\"${SRCROOT}/Pods/Target Support Files/Pods-YuYi_Client/Pods-YuYi_Client-resources.sh\"\n";
			showEnvVarsInLog = 0;
		};
		F49F190EFD42F6424F04674A /* [CP] Check Pods Manifest.lock */ = {
			isa = PBXShellScriptBuildPhase;
			buildActionMask = 2147483647;
			files = (
			);
			inputPaths = (
			);
			name = "[CP] Check Pods Manifest.lock";
			outputPaths = (
			);
			runOnlyForDeploymentPostprocessing = 0;
			shellPath = /bin/sh;
			shellScript = "diff \"${PODS_ROOT}/../Podfile.lock\" \"${PODS_ROOT}/Manifest.lock\" > /dev/null\nif [ $? != 0 ] ; then\n    # print error to STDERR\n    echo \"error: The sandbox is not in sync with the Podfile.lock. Run 'pod install' or update your CocoaPods installation.\" >&2\n    exit 1\nfi\n";
			showEnvVarsInLog = 0;
		};
/* End PBXShellScriptBuildPhase section */

/* Begin PBXSourcesBuildPhase section */
		3EAB2B6F1E2F065800D6795F /* Sources */ = {
			isa = PBXSourcesBuildPhase;
			buildActionMask = 2147483647;
			files = (
				16E75CFE1E5FBE4000A71AA5 /* YYPersonalTableViewCell.m in Sources */,
				3E1E474C1E5C291A0042934D /* SectorCalendar.m in Sources */,
				1654BF561E5EDFFB002F1D00 /* YYConfirmVC.m in Sources */,
				3EAB2B7B1E2F065800D6795F /* AppDelegate.m in Sources */,
				3E1E47361E5BDC3F0042934D /* ZYAnimatedDotView.m in Sources */,
				3E1E473E1E5BE1CE0042934D /* InfomationViewController.m in Sources */,
				3E1840D81E56AC4E00069568 /* UIColor+Extension.m in Sources */,
				3E1841441E56E6D000069568 /* YYHomeHeadView.m in Sources */,
				1654BF681E5EE25A002F1D00 /* YYBaseViewController.m in Sources */,
				3ECBB4641E5D57BF00BD5BE5 /* YYMeasureTableViewCell.m in Sources */,
				3E1841551E5ACEFB00069568 /* YYHomeNewTableViewCell.m in Sources */,
				1654BF441E5ED790002F1D00 /* ViewController.m in Sources */,
				3E18415C1E5ADB0100069568 /* YYHomeMedicineTableViewCell.m in Sources */,
				3E1840FB1E56C8CF00069568 /* YYMeasureViewController.m in Sources */,
				1654BF631E5EE18F002F1D00 /* YYAllMedicinalFlowLayout.m in Sources */,
				3EF565601E5693C50045918B /* HttpClient.m in Sources */,
				3EBA2D681E5E7B6F005C3448 /* YYHandleMeasureViewController.m in Sources */,
				3E1841511E5AA9FF00069568 /* YYTrendView.m in Sources */,
				3ECBB4691E5D739F00BD5BE5 /* FMActionSheet.m in Sources */,
				3EBA2D741E5EB7C3005C3448 /* YYConsultTableViewCell.m in Sources */,
				3EBA2D6B1E5E80C8005C3448 /* UIBarButtonItem+Helper.m in Sources */,
				3E1E47371E5BDC3F0042934D /* ZYDotView.m in Sources */,
				1654BF4D1E5ED892002F1D00 /* YYflowLay.m in Sources */,
				1654BF651E5EE18F002F1D00 /* YYClassificationFlowLayout.m in Sources */,
				3E1840F81E56C8BF00069568 /* YYPersonalViewController.m in Sources */,
				3EBA2D6E1E5E8647005C3448 /* YYCardInputView.m in Sources */,
				1654BF591E5EE16B002F1D00 /* YYAllMedicinalViewController.m in Sources */,
				3E1E47491E5C26B90042934D /* YYSectorViewController.m in Sources */,
				3E1E47461E5C11250042934D /* YYSectionViewController.m in Sources */,
				16E75D041E60117800A71AA5 /* YYPaySuccessView.m in Sources */,
				3ECBB45E1E5C600F00BD5BE5 /* YYSectorTableViewCell.m in Sources */,
				3E1E472E1E5BD6FE0042934D /* ZYPageControl.m in Sources */,
				1654BF531E5EDFE8002F1D00 /* YYMedicinalDetailVC.m in Sources */,
				3ECBB4721E5D90CE00BD5BE5 /* YYConnectViewController.m in Sources */,
				3E1840FF1E56D01100069568 /* YYConsultViewController.m in Sources */,
				3E1E47431E5BF5350042934D /* YYAppointmentViewController.m in Sources */,
				3E1840E81E56C78300069568 /* YYTabBar.m in Sources */,
				16E75D011E5FFDE700A71AA5 /* YYPayOptionView.m in Sources */,
				3EBA2D711E5E9ECC005C3448 /* YYHospitalInfoViewController.m in Sources */,
				3E1840D41E569D6200069568 /* YYHomePageViewController.m in Sources */,
				1654BF621E5EE18F002F1D00 /* YYAllMedicinalCollectionViewCell.m in Sources */,
				1654BF501E5ED8D3002F1D00 /* YYCollectionViewCell.m in Sources */,
				3E1E47351E5BDC3F0042934D /* ZYAbstractDotView.m in Sources */,
				3ECBB46F1E5D7CD600BD5BE5 /* YYCardView.m in Sources */,
				3E1840E91E56C78300069568 /* YYTabBarItem.m in Sources */,
				3EAB2B781E2F065800D6795F /* main.m in Sources */,
				1654BF471E5ED7E9002F1D00 /* searchBar.m in Sources */,
				1654BF4A1E5ED85E002F1D00 /* headerTitleBtn.m in Sources */,
				1654BF641E5EE18F002F1D00 /* YYAllMedicinalTitleBtn.m in Sources */,
				1654BF411E5ED675002F1D00 /* UIColor+colorValues.m in Sources */,
				3E1840E71E56C78300069568 /* YYTabBarController.m in Sources */,
				3E1840D01E569CAB00069568 /* YYNavigationController.m in Sources */,
				3ECBB46C1E5D77AE00BD5BE5 /* YYAutoMeasureViewController.m in Sources */,
				3EDBD9CE1E5DB22E008F6D65 /* YYMemberTableViewCell.m in Sources */,
			);
			runOnlyForDeploymentPostprocessing = 0;
		};
		3EAB2B881E2F065800D6795F /* Sources */ = {
			isa = PBXSourcesBuildPhase;
			buildActionMask = 2147483647;
			files = (
				3EAB2B911E2F065900D6795F /* YuYi_ClientTests.m in Sources */,
			);
			runOnlyForDeploymentPostprocessing = 0;
		};
		3EAB2B931E2F065900D6795F /* Sources */ = {
			isa = PBXSourcesBuildPhase;
			buildActionMask = 2147483647;
			files = (
				3EAB2B9C1E2F065900D6795F /* YuYi_ClientUITests.m in Sources */,
			);
			runOnlyForDeploymentPostprocessing = 0;
		};
/* End PBXSourcesBuildPhase section */

/* Begin PBXTargetDependency section */
		3EAB2B8E1E2F065900D6795F /* PBXTargetDependency */ = {
			isa = PBXTargetDependency;
			target = 3EAB2B721E2F065800D6795F /* YuYi_Client */;
			targetProxy = 3EAB2B8D1E2F065900D6795F /* PBXContainerItemProxy */;
		};
		3EAB2B991E2F065900D6795F /* PBXTargetDependency */ = {
			isa = PBXTargetDependency;
			target = 3EAB2B721E2F065800D6795F /* YuYi_Client */;
			targetProxy = 3EAB2B981E2F065900D6795F /* PBXContainerItemProxy */;
		};
/* End PBXTargetDependency section */

/* Begin PBXVariantGroup section */
		3EAB2B7F1E2F065800D6795F /* Main.storyboard */ = {
			isa = PBXVariantGroup;
			children = (
				3EAB2B801E2F065800D6795F /* Base */,
			);
			name = Main.storyboard;
			sourceTree = "<group>";
		};
		3EAB2B841E2F065800D6795F /* LaunchScreen.storyboard */ = {
			isa = PBXVariantGroup;
			children = (
				3EAB2B851E2F065800D6795F /* Base */,
			);
			name = LaunchScreen.storyboard;
			sourceTree = "<group>";
		};
/* End PBXVariantGroup section */

/* Begin XCBuildConfiguration section */
		3EAB2B9E1E2F065900D6795F /* Debug */ = {
			isa = XCBuildConfiguration;
			buildSettings = {
				ALWAYS_SEARCH_USER_PATHS = NO;
				CLANG_ANALYZER_NONNULL = YES;
				CLANG_CXX_LANGUAGE_STANDARD = "gnu++0x";
				CLANG_CXX_LIBRARY = "libc++";
				CLANG_ENABLE_MODULES = YES;
				CLANG_ENABLE_OBJC_ARC = YES;
				CLANG_WARN_BOOL_CONVERSION = YES;
				CLANG_WARN_CONSTANT_CONVERSION = YES;
				CLANG_WARN_DIRECT_OBJC_ISA_USAGE = YES_ERROR;
				CLANG_WARN_DOCUMENTATION_COMMENTS = YES;
				CLANG_WARN_EMPTY_BODY = YES;
				CLANG_WARN_ENUM_CONVERSION = YES;
				CLANG_WARN_INFINITE_RECURSION = YES;
				CLANG_WARN_INT_CONVERSION = YES;
				CLANG_WARN_OBJC_ROOT_CLASS = YES_ERROR;
				CLANG_WARN_SUSPICIOUS_MOVE = YES;
				CLANG_WARN_UNREACHABLE_CODE = YES;
				CLANG_WARN__DUPLICATE_METHOD_MATCH = YES;
				"CODE_SIGN_IDENTITY[sdk=iphoneos*]" = "iPhone Developer";
				COPY_PHASE_STRIP = NO;
				DEBUG_INFORMATION_FORMAT = dwarf;
				ENABLE_STRICT_OBJC_MSGSEND = YES;
				ENABLE_TESTABILITY = YES;
				GCC_C_LANGUAGE_STANDARD = gnu99;
				GCC_DYNAMIC_NO_PIC = NO;
				GCC_NO_COMMON_BLOCKS = YES;
				GCC_OPTIMIZATION_LEVEL = 0;
				GCC_PRECOMPILE_PREFIX_HEADER = YES;
				GCC_PREFIX_HEADER = "$(SRCROOT)/YuYi_Client/YYDefine.pch";
				GCC_PREPROCESSOR_DEFINITIONS = (
					"DEBUG=1",
					"$(inherited)",
				);
				GCC_WARN_64_TO_32_BIT_CONVERSION = YES;
				GCC_WARN_ABOUT_RETURN_TYPE = YES_ERROR;
				GCC_WARN_UNDECLARED_SELECTOR = YES;
				GCC_WARN_UNINITIALIZED_AUTOS = YES_AGGRESSIVE;
				GCC_WARN_UNUSED_FUNCTION = YES;
				GCC_WARN_UNUSED_VARIABLE = YES;
				IPHONEOS_DEPLOYMENT_TARGET = 10.2;
				MTL_ENABLE_DEBUG_INFO = YES;
				ONLY_ACTIVE_ARCH = YES;
				SDKROOT = iphoneos;
				TARGETED_DEVICE_FAMILY = "1,2";
			};
			name = Debug;
		};
		3EAB2B9F1E2F065900D6795F /* Release */ = {
			isa = XCBuildConfiguration;
			buildSettings = {
				ALWAYS_SEARCH_USER_PATHS = NO;
				CLANG_ANALYZER_NONNULL = YES;
				CLANG_CXX_LANGUAGE_STANDARD = "gnu++0x";
				CLANG_CXX_LIBRARY = "libc++";
				CLANG_ENABLE_MODULES = YES;
				CLANG_ENABLE_OBJC_ARC = YES;
				CLANG_WARN_BOOL_CONVERSION = YES;
				CLANG_WARN_CONSTANT_CONVERSION = YES;
				CLANG_WARN_DIRECT_OBJC_ISA_USAGE = YES_ERROR;
				CLANG_WARN_DOCUMENTATION_COMMENTS = YES;
				CLANG_WARN_EMPTY_BODY = YES;
				CLANG_WARN_ENUM_CONVERSION = YES;
				CLANG_WARN_INFINITE_RECURSION = YES;
				CLANG_WARN_INT_CONVERSION = YES;
				CLANG_WARN_OBJC_ROOT_CLASS = YES_ERROR;
				CLANG_WARN_SUSPICIOUS_MOVE = YES;
				CLANG_WARN_UNREACHABLE_CODE = YES;
				CLANG_WARN__DUPLICATE_METHOD_MATCH = YES;
				"CODE_SIGN_IDENTITY[sdk=iphoneos*]" = "iPhone Developer";
				COPY_PHASE_STRIP = NO;
				DEBUG_INFORMATION_FORMAT = "dwarf-with-dsym";
				ENABLE_NS_ASSERTIONS = NO;
				ENABLE_STRICT_OBJC_MSGSEND = YES;
				GCC_C_LANGUAGE_STANDARD = gnu99;
				GCC_NO_COMMON_BLOCKS = YES;
				GCC_PRECOMPILE_PREFIX_HEADER = YES;
				GCC_PREFIX_HEADER = "$(SRCROOT)/YuYi_Client/YYDefine.pch";
				GCC_WARN_64_TO_32_BIT_CONVERSION = YES;
				GCC_WARN_ABOUT_RETURN_TYPE = YES_ERROR;
				GCC_WARN_UNDECLARED_SELECTOR = YES;
				GCC_WARN_UNINITIALIZED_AUTOS = YES_AGGRESSIVE;
				GCC_WARN_UNUSED_FUNCTION = YES;
				GCC_WARN_UNUSED_VARIABLE = YES;
				IPHONEOS_DEPLOYMENT_TARGET = 10.2;
				MTL_ENABLE_DEBUG_INFO = NO;
				SDKROOT = iphoneos;
				TARGETED_DEVICE_FAMILY = "1,2";
				VALIDATE_PRODUCT = YES;
			};
			name = Release;
		};
		3EAB2BA11E2F065900D6795F /* Debug */ = {
			isa = XCBuildConfiguration;
			baseConfigurationReference = C0AB83EC4D10272B4B64A4A4 /* Pods-YuYi_Client.debug.xcconfig */;
			buildSettings = {
				ASSETCATALOG_COMPILER_APPICON_NAME = AppIcon;
				INFOPLIST_FILE = YuYi_Client/Info.plist;
				LD_RUNPATH_SEARCH_PATHS = "$(inherited) @executable_path/Frameworks";
				PRODUCT_BUNDLE_IDENTIFIER = "com.technology.YuYi-Client";
				PRODUCT_NAME = "$(TARGET_NAME)";
			};
			name = Debug;
		};
		3EAB2BA21E2F065900D6795F /* Release */ = {
			isa = XCBuildConfiguration;
			baseConfigurationReference = 79EE98A8F7200045E176C0DD /* Pods-YuYi_Client.release.xcconfig */;
			buildSettings = {
				ASSETCATALOG_COMPILER_APPICON_NAME = AppIcon;
				INFOPLIST_FILE = YuYi_Client/Info.plist;
				LD_RUNPATH_SEARCH_PATHS = "$(inherited) @executable_path/Frameworks";
				PRODUCT_BUNDLE_IDENTIFIER = "com.technology.YuYi-Client";
				PRODUCT_NAME = "$(TARGET_NAME)";
			};
			name = Release;
		};
		3EAB2BA41E2F065900D6795F /* Debug */ = {
			isa = XCBuildConfiguration;
			buildSettings = {
				BUNDLE_LOADER = "$(TEST_HOST)";
				INFOPLIST_FILE = YuYi_ClientTests/Info.plist;
				LD_RUNPATH_SEARCH_PATHS = "$(inherited) @executable_path/Frameworks @loader_path/Frameworks";
				PRODUCT_BUNDLE_IDENTIFIER = "com.technology.YuYi-ClientTests";
				PRODUCT_NAME = "$(TARGET_NAME)";
				TEST_HOST = "$(BUILT_PRODUCTS_DIR)/YuYi_Client.app/YuYi_Client";
			};
			name = Debug;
		};
		3EAB2BA51E2F065900D6795F /* Release */ = {
			isa = XCBuildConfiguration;
			buildSettings = {
				BUNDLE_LOADER = "$(TEST_HOST)";
				INFOPLIST_FILE = YuYi_ClientTests/Info.plist;
				LD_RUNPATH_SEARCH_PATHS = "$(inherited) @executable_path/Frameworks @loader_path/Frameworks";
				PRODUCT_BUNDLE_IDENTIFIER = "com.technology.YuYi-ClientTests";
				PRODUCT_NAME = "$(TARGET_NAME)";
				TEST_HOST = "$(BUILT_PRODUCTS_DIR)/YuYi_Client.app/YuYi_Client";
			};
			name = Release;
		};
		3EAB2BA71E2F065900D6795F /* Debug */ = {
			isa = XCBuildConfiguration;
			buildSettings = {
				INFOPLIST_FILE = YuYi_ClientUITests/Info.plist;
				LD_RUNPATH_SEARCH_PATHS = "$(inherited) @executable_path/Frameworks @loader_path/Frameworks";
				PRODUCT_BUNDLE_IDENTIFIER = "com.technology.YuYi-ClientUITests";
				PRODUCT_NAME = "$(TARGET_NAME)";
				TEST_TARGET_NAME = YuYi_Client;
			};
			name = Debug;
		};
		3EAB2BA81E2F065900D6795F /* Release */ = {
			isa = XCBuildConfiguration;
			buildSettings = {
				INFOPLIST_FILE = YuYi_ClientUITests/Info.plist;
				LD_RUNPATH_SEARCH_PATHS = "$(inherited) @executable_path/Frameworks @loader_path/Frameworks";
				PRODUCT_BUNDLE_IDENTIFIER = "com.technology.YuYi-ClientUITests";
				PRODUCT_NAME = "$(TARGET_NAME)";
				TEST_TARGET_NAME = YuYi_Client;
			};
			name = Release;
		};
/* End XCBuildConfiguration section */

/* Begin XCConfigurationList section */
		3EAB2B6E1E2F065800D6795F /* Build configuration list for PBXProject "YuYi_Client" */ = {
			isa = XCConfigurationList;
			buildConfigurations = (
				3EAB2B9E1E2F065900D6795F /* Debug */,
				3EAB2B9F1E2F065900D6795F /* Release */,
			);
			defaultConfigurationIsVisible = 0;
			defaultConfigurationName = Release;
		};
		3EAB2BA01E2F065900D6795F /* Build configuration list for PBXNativeTarget "YuYi_Client" */ = {
			isa = XCConfigurationList;
			buildConfigurations = (
				3EAB2BA11E2F065900D6795F /* Debug */,
				3EAB2BA21E2F065900D6795F /* Release */,
			);
			defaultConfigurationIsVisible = 0;
			defaultConfigurationName = Release;
		};
		3EAB2BA31E2F065900D6795F /* Build configuration list for PBXNativeTarget "YuYi_ClientTests" */ = {
			isa = XCConfigurationList;
			buildConfigurations = (
				3EAB2BA41E2F065900D6795F /* Debug */,
				3EAB2BA51E2F065900D6795F /* Release */,
			);
			defaultConfigurationIsVisible = 0;
			defaultConfigurationName = Release;
		};
		3EAB2BA61E2F065900D6795F /* Build configuration list for PBXNativeTarget "YuYi_ClientUITests" */ = {
			isa = XCConfigurationList;
			buildConfigurations = (
				3EAB2BA71E2F065900D6795F /* Debug */,
				3EAB2BA81E2F065900D6795F /* Release */,
			);
			defaultConfigurationIsVisible = 0;
			defaultConfigurationName = Release;
		};
/* End XCConfigurationList section */
	};
	rootObject = 3EAB2B6B1E2F065800D6795F /* Project object */;
}
